// !$*UTF8*$!
{
	archiveVersion = 1;
	classes = {
	};
	objectVersion = 46;
	objects = {

/* Begin PBXBuildFile section */
		6E4648CD1F35ABB900B6D108 /* AppDelegate.swift in Sources */ = {isa = PBXBuildFile; fileRef = 6E4648CC1F35ABB900B6D108 /* AppDelegate.swift */; };
		6E4648CF1F35ABB900B6D108 /* ViewController.swift in Sources */ = {isa = PBXBuildFile; fileRef = 6E4648CE1F35ABB900B6D108 /* ViewController.swift */; };
		6E4648D21F35ABB900B6D108 /* Main.storyboard in Resources */ = {isa = PBXBuildFile; fileRef = 6E4648D01F35ABB900B6D108 /* Main.storyboard */; };
		6E4648D51F35ABB900B6D108 /* RxSwiftExample.xcdatamodeld in Sources */ = {isa = PBXBuildFile; fileRef = 6E4648D31F35ABB900B6D108 /* RxSwiftExample.xcdatamodeld */; };
		6E4648D71F35ABB900B6D108 /* Assets.xcassets in Resources */ = {isa = PBXBuildFile; fileRef = 6E4648D61F35ABB900B6D108 /* Assets.xcassets */; };
		6E4648DA1F35ABB900B6D108 /* LaunchScreen.storyboard in Resources */ = {isa = PBXBuildFile; fileRef = 6E4648D81F35ABB900B6D108 /* LaunchScreen.storyboard */; };
		6E4648E51F35ABB900B6D108 /* RxSwiftExampleTests.swift in Sources */ = {isa = PBXBuildFile; fileRef = 6E4648E41F35ABB900B6D108 /* RxSwiftExampleTests.swift */; };
		6E4648F01F35ABB900B6D108 /* RxSwiftExampleUITests.swift in Sources */ = {isa = PBXBuildFile; fileRef = 6E4648EF1F35ABB900B6D108 /* RxSwiftExampleUITests.swift */; };
		6EEAF9E61F36A08900EB37B8 /* XCTest.framework in Frameworks */ = {isa = PBXBuildFile; fileRef = 6EEAF9E41F369DFE00EB37B8 /* XCTest.framework */; };
		6EEAF9E81F36A19700EB37B8 /* XCTest.framework in CopyFiles */ = {isa = PBXBuildFile; fileRef = 6EEAF9E41F369DFE00EB37B8 /* XCTest.framework */; settings = {ATTRIBUTES = (CodeSignOnCopy, RemoveHeadersOnCopy, ); }; };
		7BB18BDA47614E5CB3A31F99 /* Pods_RxSwiftExample.framework in Frameworks */ = {isa = PBXBuildFile; fileRef = D07BBCA609CCF4103F193ABD /* Pods_RxSwiftExample.framework */; };
		7CD55C4D6C258035B9AED3C2 /* Pods_RxSwiftExampleTests.framework in Frameworks */ = {isa = PBXBuildFile; fileRef = C5D9E322C495C8D61FFE8B59 /* Pods_RxSwiftExampleTests.framework */; };
		A3CCD99F85AD30712489388D /* Pods_RxSwiftExampleUITests.framework in Frameworks */ = {isa = PBXBuildFile; fileRef = 655171E9737455E2B5D6E26D /* Pods_RxSwiftExampleUITests.framework */; };
/* End PBXBuildFile section */

/* Begin PBXContainerItemProxy section */
		6E4648E11F35ABB900B6D108 /* PBXContainerItemProxy */ = {
			isa = PBXContainerItemProxy;
			containerPortal = 6E4648C11F35ABB900B6D108 /* Project object */;
			proxyType = 1;
			remoteGlobalIDString = 6E4648C81F35ABB900B6D108;
			remoteInfo = RxSwiftExample;
		};
		6E4648EC1F35ABB900B6D108 /* PBXContainerItemProxy */ = {
			isa = PBXContainerItemProxy;
			containerPortal = 6E4648C11F35ABB900B6D108 /* Project object */;
			proxyType = 1;
			remoteGlobalIDString = 6E4648C81F35ABB900B6D108;
			remoteInfo = RxSwiftExample;
		};
/* End PBXContainerItemProxy section */

/* Begin PBXCopyFilesBuildPhase section */
		6EEAF9E71F36A11000EB37B8 /* CopyFiles */ = {
			isa = PBXCopyFilesBuildPhase;
			buildActionMask = 2147483647;
			dstPath = "";
			dstSubfolderSpec = 10;
			files = (
				6EEAF9E81F36A19700EB37B8 /* XCTest.framework in CopyFiles */,
			);
			runOnlyForDeploymentPostprocessing = 0;
		};
/* End PBXCopyFilesBuildPhase section */

/* Begin PBXFileReference section */
		07CD4A93F544F0A395C5096F /* Pods-RxSwiftExampleUITests.release.xcconfig */ = {isa = PBXFileReference; includeInIndex = 1; lastKnownFileType = text.xcconfig; name = "Pods-RxSwiftExampleUITests.release.xcconfig"; path = "Pods/Target Support Files/Pods-RxSwiftExampleUITests/Pods-RxSwiftExampleUITests.release.xcconfig"; sourceTree = "<group>"; };
		5775AB0BC3727A3A82E0BA4F /* Pods-RxSwiftExampleTests.debug.xcconfig */ = {isa = PBXFileReference; includeInIndex = 1; lastKnownFileType = text.xcconfig; name = "Pods-RxSwiftExampleTests.debug.xcconfig"; path = "Pods/Target Support Files/Pods-RxSwiftExampleTests/Pods-RxSwiftExampleTests.debug.xcconfig"; sourceTree = "<group>"; };
		655171E9737455E2B5D6E26D /* Pods_RxSwiftExampleUITests.framework */ = {isa = PBXFileReference; explicitFileType = wrapper.framework; includeInIndex = 0; path = Pods_RxSwiftExampleUITests.framework; sourceTree = BUILT_PRODUCTS_DIR; };
		6E4648C91F35ABB900B6D108 /* RxSwiftExample.app */ = {isa = PBXFileReference; explicitFileType = wrapper.application; includeInIndex = 0; path = RxSwiftExample.app; sourceTree = BUILT_PRODUCTS_DIR; };
		6E4648CC1F35ABB900B6D108 /* AppDelegate.swift */ = {isa = PBXFileReference; lastKnownFileType = sourcecode.swift; path = AppDelegate.swift; sourceTree = "<group>"; };
		6E4648CE1F35ABB900B6D108 /* ViewController.swift */ = {isa = PBXFileReference; lastKnownFileType = sourcecode.swift; path = ViewController.swift; sourceTree = "<group>"; };
		6E4648D11F35ABB900B6D108 /* Base */ = {isa = PBXFileReference; lastKnownFileType = file.storyboard; name = Base; path = Base.lproj/Main.storyboard; sourceTree = "<group>"; };
		6E4648D41F35ABB900B6D108 /* RxSwiftExample.xcdatamodel */ = {isa = PBXFileReference; lastKnownFileType = wrapper.xcdatamodel; path = RxSwiftExample.xcdatamodel; sourceTree = "<group>"; };
		6E4648D61F35ABB900B6D108 /* Assets.xcassets */ = {isa = PBXFileReference; lastKnownFileType = folder.assetcatalog; path = Assets.xcassets; sourceTree = "<group>"; };
		6E4648D91F35ABB900B6D108 /* Base */ = {isa = PBXFileReference; lastKnownFileType = file.storyboard; name = Base; path = Base.lproj/LaunchScreen.storyboard; sourceTree = "<group>"; };
		6E4648DB1F35ABB900B6D108 /* Info.plist */ = {isa = PBXFileReference; lastKnownFileType = text.plist.xml; path = Info.plist; sourceTree = "<group>"; };
		6E4648E01F35ABB900B6D108 /* RxSwiftExampleTests.xctest */ = {isa = PBXFileReference; explicitFileType = wrapper.cfbundle; includeInIndex = 0; path = RxSwiftExampleTests.xctest; sourceTree = BUILT_PRODUCTS_DIR; };
		6E4648E41F35ABB900B6D108 /* RxSwiftExampleTests.swift */ = {isa = PBXFileReference; lastKnownFileType = sourcecode.swift; path = RxSwiftExampleTests.swift; sourceTree = "<group>"; };
		6E4648E61F35ABB900B6D108 /* Info.plist */ = {isa = PBXFileReference; lastKnownFileType = text.plist.xml; path = Info.plist; sourceTree = "<group>"; };
		6E4648EB1F35ABB900B6D108 /* RxSwiftExampleUITests.xctest */ = {isa = PBXFileReference; explicitFileType = wrapper.cfbundle; includeInIndex = 0; path = RxSwiftExampleUITests.xctest; sourceTree = BUILT_PRODUCTS_DIR; };
		6E4648EF1F35ABB900B6D108 /* RxSwiftExampleUITests.swift */ = {isa = PBXFileReference; lastKnownFileType = sourcecode.swift; path = RxSwiftExampleUITests.swift; sourceTree = "<group>"; };
		6E4648F11F35ABB900B6D108 /* Info.plist */ = {isa = PBXFileReference; lastKnownFileType = text.plist.xml; path = Info.plist; sourceTree = "<group>"; };
		6EEAF9E41F369DFE00EB37B8 /* XCTest.framework */ = {isa = PBXFileReference; lastKnownFileType = wrapper.framework; name = XCTest.framework; path = Platforms/iPhoneOS.platform/Developer/Library/Frameworks/XCTest.framework; sourceTree = DEVELOPER_DIR; };
		7D9D6CDDDB251B414DB80ABF /* Pods-RxSwiftExampleTests.release.xcconfig */ = {isa = PBXFileReference; includeInIndex = 1; lastKnownFileType = text.xcconfig; name = "Pods-RxSwiftExampleTests.release.xcconfig"; path = "Pods/Target Support Files/Pods-RxSwiftExampleTests/Pods-RxSwiftExampleTests.release.xcconfig"; sourceTree = "<group>"; };
		A2B37872409DDB5D3159D0B6 /* Pods-RxSwiftExampleUITests.debug.xcconfig */ = {isa = PBXFileReference; includeInIndex = 1; lastKnownFileType = text.xcconfig; name = "Pods-RxSwiftExampleUITests.debug.xcconfig"; path = "Pods/Target Support Files/Pods-RxSwiftExampleUITests/Pods-RxSwiftExampleUITests.debug.xcconfig"; sourceTree = "<group>"; };
		BD702A026BF58F74E76F59B2 /* Pods-RxSwiftExample.release.xcconfig */ = {isa = PBXFileReference; includeInIndex = 1; lastKnownFileType = text.xcconfig; name = "Pods-RxSwiftExample.release.xcconfig"; path = "Pods/Target Support Files/Pods-RxSwiftExample/Pods-RxSwiftExample.release.xcconfig"; sourceTree = "<group>"; };
		C5D9E322C495C8D61FFE8B59 /* Pods_RxSwiftExampleTests.framework */ = {isa = PBXFileReference; explicitFileType = wrapper.framework; includeInIndex = 0; path = Pods_RxSwiftExampleTests.framework; sourceTree = BUILT_PRODUCTS_DIR; };
		D07BBCA609CCF4103F193ABD /* Pods_RxSwiftExample.framework */ = {isa = PBXFileReference; explicitFileType = wrapper.framework; includeInIndex = 0; path = Pods_RxSwiftExample.framework; sourceTree = BUILT_PRODUCTS_DIR; };
		F688AF7DBE9E310B8BF9BF31 /* Pods-RxSwiftExample.debug.xcconfig */ = {isa = PBXFileReference; includeInIndex = 1; lastKnownFileType = text.xcconfig; name = "Pods-RxSwiftExample.debug.xcconfig"; path = "Pods/Target Support Files/Pods-RxSwiftExample/Pods-RxSwiftExample.debug.xcconfig"; sourceTree = "<group>"; };
/* End PBXFileReference section */

/* Begin PBXFrameworksBuildPhase section */
		6E4648C61F35ABB900B6D108 /* Frameworks */ = {
			isa = PBXFrameworksBuildPhase;
			buildActionMask = 2147483647;
			files = (
				6EEAF9E61F36A08900EB37B8 /* XCTest.framework in Frameworks */,
				7BB18BDA47614E5CB3A31F99 /* Pods_RxSwiftExample.framework in Frameworks */,
			);
			runOnlyForDeploymentPostprocessing = 0;
		};
		6E4648DD1F35ABB900B6D108 /* Frameworks */ = {
			isa = PBXFrameworksBuildPhase;
			buildActionMask = 2147483647;
			files = (
				7CD55C4D6C258035B9AED3C2 /* Pods_RxSwiftExampleTests.framework in Frameworks */,
			);
			runOnlyForDeploymentPostprocessing = 0;
		};
		6E4648E81F35ABB900B6D108 /* Frameworks */ = {
			isa = PBXFrameworksBuildPhase;
			buildActionMask = 2147483647;
			files = (
				A3CCD99F85AD30712489388D /* Pods_RxSwiftExampleUITests.framework in Frameworks */,
			);
			runOnlyForDeploymentPostprocessing = 0;
		};
/* End PBXFrameworksBuildPhase section */

/* Begin PBXGroup section */
		6E4648C01F35ABB900B6D108 = {
			isa = PBXGroup;
			children = (
				6E4648CB1F35ABB900B6D108 /* RxSwiftExample */,
				6E4648E31F35ABB900B6D108 /* RxSwiftExampleTests */,
				6E4648EE1F35ABB900B6D108 /* RxSwiftExampleUITests */,
				6E4648CA1F35ABB900B6D108 /* Products */,
				E7B27E930209DB2556E0060C /* Pods */,
				DEFFB0D9436F46BA69EDC718 /* Frameworks */,
			);
			sourceTree = "<group>";
		};
		6E4648CA1F35ABB900B6D108 /* Products */ = {
			isa = PBXGroup;
			children = (
				6E4648C91F35ABB900B6D108 /* RxSwiftExample.app */,
				6E4648E01F35ABB900B6D108 /* RxSwiftExampleTests.xctest */,
				6E4648EB1F35ABB900B6D108 /* RxSwiftExampleUITests.xctest */,
			);
			name = Products;
			sourceTree = "<group>";
		};
		6E4648CB1F35ABB900B6D108 /* RxSwiftExample */ = {
			isa = PBXGroup;
			children = (
				6E4648CC1F35ABB900B6D108 /* AppDelegate.swift */,
				6E4648CE1F35ABB900B6D108 /* ViewController.swift */,
				6E4648D01F35ABB900B6D108 /* Main.storyboard */,
				6E4648D61F35ABB900B6D108 /* Assets.xcassets */,
				6E4648D81F35ABB900B6D108 /* LaunchScreen.storyboard */,
				6E4648DB1F35ABB900B6D108 /* Info.plist */,
				6E4648D31F35ABB900B6D108 /* RxSwiftExample.xcdatamodeld */,
			);
			path = RxSwiftExample;
			sourceTree = "<group>";
		};
		6E4648E31F35ABB900B6D108 /* RxSwiftExampleTests */ = {
			isa = PBXGroup;
			children = (
				6E4648E41F35ABB900B6D108 /* RxSwiftExampleTests.swift */,
				6E4648E61F35ABB900B6D108 /* Info.plist */,
			);
			path = RxSwiftExampleTests;
			sourceTree = "<group>";
		};
		6E4648EE1F35ABB900B6D108 /* RxSwiftExampleUITests */ = {
			isa = PBXGroup;
			children = (
				6E4648EF1F35ABB900B6D108 /* RxSwiftExampleUITests.swift */,
				6E4648F11F35ABB900B6D108 /* Info.plist */,
			);
			path = RxSwiftExampleUITests;
			sourceTree = "<group>";
		};
		DEFFB0D9436F46BA69EDC718 /* Frameworks */ = {
			isa = PBXGroup;
			children = (
				6EEAF9E41F369DFE00EB37B8 /* XCTest.framework */,
				D07BBCA609CCF4103F193ABD /* Pods_RxSwiftExample.framework */,
				C5D9E322C495C8D61FFE8B59 /* Pods_RxSwiftExampleTests.framework */,
				655171E9737455E2B5D6E26D /* Pods_RxSwiftExampleUITests.framework */,
			);
			name = Frameworks;
			sourceTree = "<group>";
		};
		E7B27E930209DB2556E0060C /* Pods */ = {
			isa = PBXGroup;
			children = (
				F688AF7DBE9E310B8BF9BF31 /* Pods-RxSwiftExample.debug.xcconfig */,
				BD702A026BF58F74E76F59B2 /* Pods-RxSwiftExample.release.xcconfig */,
				5775AB0BC3727A3A82E0BA4F /* Pods-RxSwiftExampleTests.debug.xcconfig */,
				7D9D6CDDDB251B414DB80ABF /* Pods-RxSwiftExampleTests.release.xcconfig */,
				A2B37872409DDB5D3159D0B6 /* Pods-RxSwiftExampleUITests.debug.xcconfig */,
				07CD4A93F544F0A395C5096F /* Pods-RxSwiftExampleUITests.release.xcconfig */,
			);
			name = Pods;
			sourceTree = "<group>";
		};
/* End PBXGroup section */

/* Begin PBXNativeTarget section */
		6E4648C81F35ABB900B6D108 /* RxSwiftExample */ = {
			isa = PBXNativeTarget;
			buildConfigurationList = 6E4648F41F35ABB900B6D108 /* Build configuration list for PBXNativeTarget "RxSwiftExample" */;
			buildPhases = (
				ECF24CF95C133F8E946E0033 /* [CP] Check Pods Manifest.lock */,
				6E4648C51F35ABB900B6D108 /* Sources */,
				6E4648C61F35ABB900B6D108 /* Frameworks */,
				6E4648C71F35ABB900B6D108 /* Resources */,
				9A28BC616B272059A2C6C51B /* [CP] Embed Pods Frameworks */,
				976C6376BFF29F6E189A1934 /* [CP] Copy Pods Resources */,
				6EEAF9E71F36A11000EB37B8 /* CopyFiles */,
			);
			buildRules = (
			);
			dependencies = (
			);
			name = RxSwiftExample;
			productName = RxSwiftExample;
			productReference = 6E4648C91F35ABB900B6D108 /* RxSwiftExample.app */;
			productType = "com.apple.product-type.application";
		};
		6E4648DF1F35ABB900B6D108 /* RxSwiftExampleTests */ = {
			isa = PBXNativeTarget;
			buildConfigurationList = 6E4648F71F35ABB900B6D108 /* Build configuration list for PBXNativeTarget "RxSwiftExampleTests" */;
			buildPhases = (
				2932AA7071FAC7182A390F9C /* [CP] Check Pods Manifest.lock */,
				6E4648DC1F35ABB900B6D108 /* Sources */,
				6E4648DD1F35ABB900B6D108 /* Frameworks */,
				6E4648DE1F35ABB900B6D108 /* Resources */,
				1BFFDB3FFF083219A6176F11 /* [CP] Embed Pods Frameworks */,
				A42AA952E71BA25D83C2C442 /* [CP] Copy Pods Resources */,
			);
			buildRules = (
			);
			dependencies = (
				6E4648E21F35ABB900B6D108 /* PBXTargetDependency */,
			);
			name = RxSwiftExampleTests;
			productName = RxSwiftExampleTests;
			productReference = 6E4648E01F35ABB900B6D108 /* RxSwiftExampleTests.xctest */;
			productType = "com.apple.product-type.bundle.unit-test";
		};
		6E4648EA1F35ABB900B6D108 /* RxSwiftExampleUITests */ = {
			isa = PBXNativeTarget;
			buildConfigurationList = 6E4648FA1F35ABB900B6D108 /* Build configuration list for PBXNativeTarget "RxSwiftExampleUITests" */;
			buildPhases = (
				2845633CFF83B19E9F71013D /* [CP] Check Pods Manifest.lock */,
				6E4648E71F35ABB900B6D108 /* Sources */,
				6E4648E81F35ABB900B6D108 /* Frameworks */,
				6E4648E91F35ABB900B6D108 /* Resources */,
				BCE394A80FAFF4666ACAF3D4 /* [CP] Embed Pods Frameworks */,
				24350AEBA7D41B3FA6AE24A0 /* [CP] Copy Pods Resources */,
			);
			buildRules = (
			);
			dependencies = (
				6E4648ED1F35ABB900B6D108 /* PBXTargetDependency */,
			);
			name = RxSwiftExampleUITests;
			productName = RxSwiftExampleUITests;
			productReference = 6E4648EB1F35ABB900B6D108 /* RxSwiftExampleUITests.xctest */;
			productType = "com.apple.product-type.bundle.ui-testing";
		};
/* End PBXNativeTarget section */

/* Begin PBXProject section */
		6E4648C11F35ABB900B6D108 /* Project object */ = {
			isa = PBXProject;
			attributes = {
				LastSwiftUpdateCheck = 0830;
				LastUpgradeCheck = 0830;
				ORGANIZATIONNAME = ryoku;
				TargetAttributes = {
					6E4648C81F35ABB900B6D108 = {
						CreatedOnToolsVersion = 8.3.3;
						ProvisioningStyle = Automatic;
					};
					6E4648DF1F35ABB900B6D108 = {
						CreatedOnToolsVersion = 8.3.3;
						ProvisioningStyle = Automatic;
						TestTargetID = 6E4648C81F35ABB900B6D108;
					};
					6E4648EA1F35ABB900B6D108 = {
						CreatedOnToolsVersion = 8.3.3;
						ProvisioningStyle = Automatic;
						TestTargetID = 6E4648C81F35ABB900B6D108;
					};
				};
			};
			buildConfigurationList = 6E4648C41F35ABB900B6D108 /* Build configuration list for PBXProject "RxSwiftExample" */;
			compatibilityVersion = "Xcode 3.2";
			developmentRegion = English;
			hasScannedForEncodings = 0;
			knownRegions = (
				en,
				Base,
			);
			mainGroup = 6E4648C01F35ABB900B6D108;
			productRefGroup = 6E4648CA1F35ABB900B6D108 /* Products */;
			projectDirPath = "";
			projectRoot = "";
			targets = (
				6E4648C81F35ABB900B6D108 /* RxSwiftExample */,
				6E4648DF1F35ABB900B6D108 /* RxSwiftExampleTests */,
				6E4648EA1F35ABB900B6D108 /* RxSwiftExampleUITests */,
			);
		};
/* End PBXProject section */

/* Begin PBXResourcesBuildPhase section */
		6E4648C71F35ABB900B6D108 /* Resources */ = {
			isa = PBXResourcesBuildPhase;
			buildActionMask = 2147483647;
			files = (
				6E4648DA1F35ABB900B6D108 /* LaunchScreen.storyboard in Resources */,
				6E4648D71F35ABB900B6D108 /* Assets.xcassets in Resources */,
				6E4648D21F35ABB900B6D108 /* Main.storyboard in Resources */,
			);
			runOnlyForDeploymentPostprocessing = 0;
		};
		6E4648DE1F35ABB900B6D108 /* Resources */ = {
			isa = PBXResourcesBuildPhase;
			buildActionMask = 2147483647;
			files = (
			);
			runOnlyForDeploymentPostprocessing = 0;
		};
		6E4648E91F35ABB900B6D108 /* Resources */ = {
			isa = PBXResourcesBuildPhase;
			buildActionMask = 2147483647;
			files = (
			);
			runOnlyForDeploymentPostprocessing = 0;
		};
/* End PBXResourcesBuildPhase section */

/* Begin PBXShellScriptBuildPhase section */
		1BFFDB3FFF083219A6176F11 /* [CP] Embed Pods Frameworks */ = {
			isa = PBXShellScriptBuildPhase;
			buildActionMask = 2147483647;
			files = (
			);
			inputPaths = (
			);
			name = "[CP] Embed Pods Frameworks";
			outputPaths = (
			);
			runOnlyForDeploymentPostprocessing = 0;
			shellPath = /bin/sh;
			shellScript = "\"${SRCROOT}/Pods/Target Support Files/Pods-RxSwiftExampleTests/Pods-RxSwiftExampleTests-frameworks.sh\"\n";
			showEnvVarsInLog = 0;
		};
		24350AEBA7D41B3FA6AE24A0 /* [CP] Copy Pods Resources */ = {
			isa = PBXShellScriptBuildPhase;
			buildActionMask = 2147483647;
			files = (
			);
			inputPaths = (
			);
			name = "[CP] Copy Pods Resources";
			outputPaths = (
			);
			runOnlyForDeploymentPostprocessing = 0;
			shellPath = /bin/sh;
			shellScript = "\"${SRCROOT}/Pods/Target Support Files/Pods-RxSwiftExampleUITests/Pods-RxSwiftExampleUITests-resources.sh\"\n";
			showEnvVarsInLog = 0;
		};
		2845633CFF83B19E9F71013D /* [CP] Check Pods Manifest.lock */ = {
			isa = PBXShellScriptBuildPhase;
			buildActionMask = 2147483647;
			files = (
			);
			inputPaths = (
			);
			name = "[CP] Check Pods Manifest.lock";
			outputPaths = (
			);
			runOnlyForDeploymentPostprocessing = 0;
			shellPath = /bin/sh;
			shellScript = "diff \"${PODS_PODFILE_DIR_PATH}/Podfile.lock\" \"${PODS_ROOT}/Manifest.lock\" > /dev/null\nif [ $? != 0 ] ; then\n    # print error to STDERR\n    echo \"error: The sandbox is not in sync with the Podfile.lock. Run 'pod install' or update your CocoaPods installation.\" >&2\n    exit 1\nfi\n";
			showEnvVarsInLog = 0;
		};
		2932AA7071FAC7182A390F9C /* [CP] Check Pods Manifest.lock */ = {
			isa = PBXShellScriptBuildPhase;
			buildActionMask = 2147483647;
			files = (
			);
			inputPaths = (
			);
			name = "[CP] Check Pods Manifest.lock";
			outputPaths = (
			);
			runOnlyForDeploymentPostprocessing = 0;
			shellPath = /bin/sh;
			shellScript = "diff \"${PODS_PODFILE_DIR_PATH}/Podfile.lock\" \"${PODS_ROOT}/Manifest.lock\" > /dev/null\nif [ $? != 0 ] ; then\n    # print error to STDERR\n    echo \"error: The sandbox is not in sync with the Podfile.lock. Run 'pod install' or update your CocoaPods installation.\" >&2\n    exit 1\nfi\n";
			showEnvVarsInLog = 0;
		};
		976C6376BFF29F6E189A1934 /* [CP] Copy Pods Resources */ = {
			isa = PBXShellScriptBuildPhase;
			buildActionMask = 2147483647;
			files = (
			);
			inputPaths = (
			);
			name = "[CP] Copy Pods Resources";
			outputPaths = (
			);
			runOnlyForDeploymentPostprocessing = 0;
			shellPath = /bin/sh;
			shellScript = "\"${SRCROOT}/Pods/Target Support Files/Pods-RxSwiftExample/Pods-RxSwiftExample-resources.sh\"\n";
			showEnvVarsInLog = 0;
		};
		9A28BC616B272059A2C6C51B /* [CP] Embed Pods Frameworks */ = {
			isa = PBXShellScriptBuildPhase;
			buildActionMask = 2147483647;
			files = (
			);
			inputPaths = (
			);
			name = "[CP] Embed Pods Frameworks";
			outputPaths = (
			);
			runOnlyForDeploymentPostprocessing = 0;
			shellPath = /bin/sh;
			shellScript = "\"${SRCROOT}/Pods/Target Support Files/Pods-RxSwiftExample/Pods-RxSwiftExample-frameworks.sh\"\n";
			showEnvVarsInLog = 0;
		};
		A42AA952E71BA25D83C2C442 /* [CP] Copy Pods Resources */ = {
			isa = PBXShellScriptBuildPhase;
			buildActionMask = 2147483647;
			files = (
			);
			inputPaths = (
			);
			name = "[CP] Copy Pods Resources";
			outputPaths = (
			);
			runOnlyForDeploymentPostprocessing = 0;
			shellPath = /bin/sh;
			shellScript = "\"${SRCROOT}/Pods/Target Support Files/Pods-RxSwiftExampleTests/Pods-RxSwiftExampleTests-resources.sh\"\n";
			showEnvVarsInLog = 0;
		};
		BCE394A80FAFF4666ACAF3D4 /* [CP] Embed Pods Frameworks */ = {
			isa = PBXShellScriptBuildPhase;
			buildActionMask = 2147483647;
			files = (
			);
			inputPaths = (
			);
			name = "[CP] Embed Pods Frameworks";
			outputPaths = (
			);
			runOnlyForDeploymentPostprocessing = 0;
			shellPath = /bin/sh;
			shellScript = "\"${SRCROOT}/Pods/Target Support Files/Pods-RxSwiftExampleUITests/Pods-RxSwiftExampleUITests-frameworks.sh\"\n";
			showEnvVarsInLog = 0;
		};
		ECF24CF95C133F8E946E0033 /* [CP] Check Pods Manifest.lock */ = {
			isa = PBXShellScriptBuildPhase;
			buildActionMask = 2147483647;
			files = (
			);
			inputPaths = (
			);
			name = "[CP] Check Pods Manifest.lock";
			outputPaths = (
			);
			runOnlyForDeploymentPostprocessing = 0;
			shellPath = /bin/sh;
			shellScript = "diff \"${PODS_PODFILE_DIR_PATH}/Podfile.lock\" \"${PODS_ROOT}/Manifest.lock\" > /dev/null\nif [ $? != 0 ] ; then\n    # print error to STDERR\n    echo \"error: The sandbox is not in sync with the Podfile.lock. Run 'pod install' or update your CocoaPods installation.\" >&2\n    exit 1\nfi\n";
			showEnvVarsInLog = 0;
		};
/* End PBXShellScriptBuildPhase section */

/* Begin PBXSourcesBuildPhase section */
		6E4648C51F35ABB900B6D108 /* Sources */ = {
			isa = PBXSourcesBuildPhase;
			buildActionMask = 2147483647;
			files = (
				6E4648CF1F35ABB900B6D108 /* ViewController.swift in Sources */,
				6E4648D51F35ABB900B6D108 /* RxSwiftExample.xcdatamodeld in Sources */,
				6E4648CD1F35ABB900B6D108 /* AppDelegate.swift in Sources */,
			);
			runOnlyForDeploymentPostprocessing = 0;
		};
		6E4648DC1F35ABB900B6D108 /* Sources */ = {
			isa = PBXSourcesBuildPhase;
			buildActionMask = 2147483647;
			files = (
				6E4648E51F35ABB900B6D108 /* RxSwiftExampleTests.swift in Sources */,
			);
			runOnlyForDeploymentPostprocessing = 0;
		};
		6E4648E71F35ABB900B6D108 /* Sources */ = {
			isa = PBXSourcesBuildPhase;
			buildActionMask = 2147483647;
			files = (
				6E4648F01F35ABB900B6D108 /* RxSwiftExampleUITests.swift in Sources */,
			);
			runOnlyForDeploymentPostprocessing = 0;
		};
/* End PBXSourcesBuildPhase section */

/* Begin PBXTargetDependency section */
		6E4648E21F35ABB900B6D108 /* PBXTargetDependency */ = {
			isa = PBXTargetDependency;
			target = 6E4648C81F35ABB900B6D108 /* RxSwiftExample */;
			targetProxy = 6E4648E11F35ABB900B6D108 /* PBXContainerItemProxy */;
		};
		6E4648ED1F35ABB900B6D108 /* PBXTargetDependency */ = {
			isa = PBXTargetDependency;
			target = 6E4648C81F35ABB900B6D108 /* RxSwiftExample */;
			targetProxy = 6E4648EC1F35ABB900B6D108 /* PBXContainerItemProxy */;
		};
/* End PBXTargetDependency section */

/* Begin PBXVariantGroup section */
		6E4648D01F35ABB900B6D108 /* Main.storyboard */ = {
			isa = PBXVariantGroup;
			children = (
				6E4648D11F35ABB900B6D108 /* Base */,
			);
			name = Main.storyboard;
			sourceTree = "<group>";
		};
		6E4648D81F35ABB900B6D108 /* LaunchScreen.storyboard */ = {
			isa = PBXVariantGroup;
			children = (
				6E4648D91F35ABB900B6D108 /* Base */,
			);
			name = LaunchScreen.storyboard;
			sourceTree = "<group>";
		};
/* End PBXVariantGroup section */

/* Begin XCBuildConfiguration section */
		6E4648F21F35ABB900B6D108 /* Debug */ = {
			isa = XCBuildConfiguration;
			buildSettings = {
				ALWAYS_EMBED_SWIFT_STANDARD_LIBRARIES = YES;
				ALWAYS_SEARCH_USER_PATHS = NO;
				CLANG_ANALYZER_NONNULL = YES;
				CLANG_ANALYZER_NUMBER_OBJECT_CONVERSION = YES_AGGRESSIVE;
				CLANG_CXX_LANGUAGE_STANDARD = "gnu++0x";
				CLANG_CXX_LIBRARY = "libc++";
				CLANG_ENABLE_MODULES = YES;
				CLANG_ENABLE_OBJC_ARC = YES;
				CLANG_WARN_BOOL_CONVERSION = YES;
				CLANG_WARN_CONSTANT_CONVERSION = YES;
				CLANG_WARN_DIRECT_OBJC_ISA_USAGE = YES_ERROR;
				CLANG_WARN_DOCUMENTATION_COMMENTS = YES;
				CLANG_WARN_EMPTY_BODY = YES;
				CLANG_WARN_ENUM_CONVERSION = YES;
				CLANG_WARN_INFINITE_RECURSION = YES;
				CLANG_WARN_INT_CONVERSION = YES;
				CLANG_WARN_OBJC_ROOT_CLASS = YES_ERROR;
				CLANG_WARN_SUSPICIOUS_MOVE = YES;
				CLANG_WARN_UNREACHABLE_CODE = YES;
				CLANG_WARN__DUPLICATE_METHOD_MATCH = YES;
				"CODE_SIGN_IDENTITY[sdk=iphoneos*]" = "iPhone Developer";
				COPY_PHASE_STRIP = NO;
				DEBUG_INFORMATION_FORMAT = dwarf;
				ENABLE_STRICT_OBJC_MSGSEND = YES;
				ENABLE_TESTABILITY = YES;
				GCC_C_LANGUAGE_STANDARD = gnu99;
				GCC_DYNAMIC_NO_PIC = NO;
				GCC_NO_COMMON_BLOCKS = YES;
				GCC_OPTIMIZATION_LEVEL = 0;
				GCC_PREPROCESSOR_DEFINITIONS = (
					"DEBUG=1",
					"$(inherited)",
				);
				GCC_WARN_64_TO_32_BIT_CONVERSION = YES;
				GCC_WARN_ABOUT_RETURN_TYPE = YES_ERROR;
				GCC_WARN_UNDECLARED_SELECTOR = YES;
				GCC_WARN_UNINITIALIZED_AUTOS = YES_AGGRESSIVE;
				GCC_WARN_UNUSED_FUNCTION = YES;
				GCC_WARN_UNUSED_VARIABLE = YES;
				IPHONEOS_DEPLOYMENT_TARGET = 10.3;
				LD_RUNPATH_SEARCH_PATHS = "@executable_path/Frameworks";
				MTL_ENABLE_DEBUG_INFO = YES;
				ONLY_ACTIVE_ARCH = YES;
				SDKROOT = iphoneos;
				SWIFT_ACTIVE_COMPILATION_CONDITIONS = DEBUG;
				SWIFT_OPTIMIZATION_LEVEL = "-Onone";
				TARGETED_DEVICE_FAMILY = "1,2";
			};
			name = Debug;
		};
		6E4648F31F35ABB900B6D108 /* Release */ = {
			isa = XCBuildConfiguration;
			buildSettings = {
				ALWAYS_EMBED_SWIFT_STANDARD_LIBRARIES = YES;
				ALWAYS_SEARCH_USER_PATHS = NO;
				CLANG_ANALYZER_NONNULL = YES;
				CLANG_ANALYZER_NUMBER_OBJECT_CONVERSION = YES_AGGRESSIVE;
				CLANG_CXX_LANGUAGE_STANDARD = "gnu++0x";
				CLANG_CXX_LIBRARY = "libc++";
				CLANG_ENABLE_MODULES = YES;
				CLANG_ENABLE_OBJC_ARC = YES;
				CLANG_WARN_BOOL_CONVERSION = YES;
				CLANG_WARN_CONSTANT_CONVERSION = YES;
				CLANG_WARN_DIRECT_OBJC_ISA_USAGE = YES_ERROR;
				CLANG_WARN_DOCUMENTATION_COMMENTS = YES;
				CLANG_WARN_EMPTY_BODY = YES;
				CLANG_WARN_ENUM_CONVERSION = YES;
				CLANG_WARN_INFINITE_RECURSION = YES;
				CLANG_WARN_INT_CONVERSION = YES;
				CLANG_WARN_OBJC_ROOT_CLASS = YES_ERROR;
				CLANG_WARN_SUSPICIOUS_MOVE = YES;
				CLANG_WARN_UNREACHABLE_CODE = YES;
				CLANG_WARN__DUPLICATE_METHOD_MATCH = YES;
				"CODE_SIGN_IDENTITY[sdk=iphoneos*]" = "iPhone Developer";
				COPY_PHASE_STRIP = NO;
				DEBUG_INFORMATION_FORMAT = "dwarf-with-dsym";
				ENABLE_NS_ASSERTIONS = NO;
				ENABLE_STRICT_OBJC_MSGSEND = YES;
				GCC_C_LANGUAGE_STANDARD = gnu99;
				GCC_NO_COMMON_BLOCKS = YES;
				GCC_WARN_64_TO_32_BIT_CONVERSION = YES;
				GCC_WARN_ABOUT_RETURN_TYPE = YES_ERROR;
				GCC_WARN_UNDECLARED_SELECTOR = YES;
				GCC_WARN_UNINITIALIZED_AUTOS = YES_AGGRESSIVE;
				GCC_WARN_UNUSED_FUNCTION = YES;
				GCC_WARN_UNUSED_VARIABLE = YES;
				IPHONEOS_DEPLOYMENT_TARGET = 10.3;
				LD_RUNPATH_SEARCH_PATHS = "@executable_path/Frameworks";
				MTL_ENABLE_DEBUG_INFO = NO;
				SDKROOT = iphoneos;
				SWIFT_OPTIMIZATION_LEVEL = "-Owholemodule";
				TARGETED_DEVICE_FAMILY = "1,2";
				VALIDATE_PRODUCT = YES;
			};
			name = Release;
		};
		6E4648F51F35ABB900B6D108 /* Debug */ = {
			isa = XCBuildConfiguration;
			baseConfigurationReference = F688AF7DBE9E310B8BF9BF31 /* Pods-RxSwiftExample.debug.xcconfig */;
			buildSettings = {
				ALWAYS_EMBED_SWIFT_STANDARD_LIBRARIES = "$(inherited)";
				ASSETCATALOG_COMPILER_APPICON_NAME = AppIcon;
				HEADER_SEARCH_PATHS = "$(inherited)";
				"HEADER_SEARCH_PATHS[arch=*]" = "$(inherited)";
				INFOPLIST_FILE = RxSwiftExample/Info.plist;
				LD_RUNPATH_SEARCH_PATHS = "$(inherited) @executable_path/Frameworks @loader_path/../Frameworks/";
				PRODUCT_BUNDLE_IDENTIFIER = com.example.RxSwiftExample;
				PRODUCT_NAME = "$(TARGET_NAME)";
				SWIFT_VERSION = 3.0;
			};
			name = Debug;
		};
		6E4648F61F35ABB900B6D108 /* Release */ = {
			isa = XCBuildConfiguration;
			baseConfigurationReference = BD702A026BF58F74E76F59B2 /* Pods-RxSwiftExample.release.xcconfig */;
			buildSettings = {
				ALWAYS_EMBED_SWIFT_STANDARD_LIBRARIES = "$(inherited)";
				ASSETCATALOG_COMPILER_APPICON_NAME = AppIcon;
				INFOPLIST_FILE = RxSwiftExample/Info.plist;
				LD_RUNPATH_SEARCH_PATHS = "$(inherited) @executable_path/Frameworks @loader_path/../Frameworks/";
				PRODUCT_BUNDLE_IDENTIFIER = com.example.RxSwiftExample;
				PRODUCT_NAME = "$(TARGET_NAME)";
				SWIFT_VERSION = 3.0;
			};
			name = Release;
		};
		6E4648F81F35ABB900B6D108 /* Debug */ = {
			isa = XCBuildConfiguration;
			baseConfigurationReference = 5775AB0BC3727A3A82E0BA4F /* Pods-RxSwiftExampleTests.debug.xcconfig */;
			buildSettings = {
				ALWAYS_EMBED_SWIFT_STANDARD_LIBRARIES = "$(inherited)";
				BUNDLE_LOADER = "$(TEST_HOST)";
				INFOPLIST_FILE = RxSwiftExampleTests/Info.plist;
				LD_RUNPATH_SEARCH_PATHS = "$(inherited) @executable_path/Frameworks @loader_path/Frameworks";
				PRODUCT_BUNDLE_IDENTIFIER = com.example.RxSwiftExampleTests;
				PRODUCT_NAME = "$(TARGET_NAME)";
				REEXPORTED_LIBRARY_PATHS = "";
				SWIFT_VERSION = 3.0;
				TEST_HOST = "$(BUILT_PRODUCTS_DIR)/RxSwiftExample.app/RxSwiftExample";
			};
			name = Debug;
		};
		6E4648F91F35ABB900B6D108 /* Release */ = {
			isa = XCBuildConfiguration;
			baseConfigurationReference = 7D9D6CDDDB251B414DB80ABF /* Pods-RxSwiftExampleTests.release.xcconfig */;
			buildSettings = {
				ALWAYS_EMBED_SWIFT_STANDARD_LIBRARIES = "$(inherited)";
				BUNDLE_LOADER = "$(TEST_HOST)";
				INFOPLIST_FILE = RxSwiftExampleTests/Info.plist;
				LD_RUNPATH_SEARCH_PATHS = "$(inherited) @executable_path/Frameworks @loader_path/Frameworks";
				PRODUCT_BUNDLE_IDENTIFIER = com.example.RxSwiftExampleTests;
				PRODUCT_NAME = "$(TARGET_NAME)";
				REEXPORTED_LIBRARY_PATHS = "";
				SWIFT_VERSION = 3.0;
				TEST_HOST = "$(BUILT_PRODUCTS_DIR)/RxSwiftExample.app/RxSwiftExample";
			};
			name = Release;
		};
		6E4648FB1F35ABB900B6D108 /* Debug */ = {
			isa = XCBuildConfiguration;
			baseConfigurationReference = A2B37872409DDB5D3159D0B6 /* Pods-RxSwiftExampleUITests.debug.xcconfig */;
			buildSettings = {
				ALWAYS_EMBED_SWIFT_STANDARD_LIBRARIES = "$(inherited)";
				INFOPLIST_FILE = RxSwiftExampleUITests/Info.plist;
				LD_RUNPATH_SEARCH_PATHS = "@executable_path/Frameworks";
				PRODUCT_BUNDLE_IDENTIFIER = com.example.RxSwiftExampleUITests;
				PRODUCT_NAME = "$(TARGET_NAME)";
				SWIFT_VERSION = 3.0;
				TEST_TARGET_NAME = RxSwiftExample;
			};
			name = Debug;
		};
		6E4648FC1F35ABB900B6D108 /* Release */ = {
			isa = XCBuildConfiguration;
			baseConfigurationReference = 07CD4A93F544F0A395C5096F /* Pods-RxSwiftExampleUITests.release.xcconfig */;
			buildSettings = {
				ALWAYS_EMBED_SWIFT_STANDARD_LIBRARIES = "$(inherited)";
				INFOPLIST_FILE = RxSwiftExampleUITests/Info.plist;
				LD_RUNPATH_SEARCH_PATHS = "@executable_path/Frameworks";
				PRODUCT_BUNDLE_IDENTIFIER = com.example.RxSwiftExampleUITests;
				PRODUCT_NAME = "$(TARGET_NAME)";
				SWIFT_VERSION = 3.0;
				TEST_TARGET_NAME = RxSwiftExample;
			};
			name = Release;
		};
/* End XCBuildConfiguration section */

/* Begin XCConfigurationList section */
		6E4648C41F35ABB900B6D108 /* Build configuration list for PBXProject "RxSwiftExample" */ = {
			isa = XCConfigurationList;
			buildConfigurations = (
				6E4648F21F35ABB900B6D108 /* Debug */,
				6E4648F31F35ABB900B6D108 /* Release */,
			);
			defaultConfigurationIsVisible = 0;
			defaultConfigurationName = Release;
		};
		6E4648F41F35ABB900B6D108 /* Build configuration list for PBXNativeTarget "RxSwiftExample" */ = {
			isa = XCConfigurationList;
			buildConfigurations = (
				6E4648F51F35ABB900B6D108 /* Debug */,
				6E4648F61F35ABB900B6D108 /* Release */,
			);
			defaultConfigurationIsVisible = 0;
			defaultConfigurationName = Release;
		};
		6E4648F71F35ABB900B6D108 /* Build configuration list for PBXNativeTarget "RxSwiftExampleTests" */ = {
			isa = XCConfigurationList;
			buildConfigurations = (
				6E4648F81F35ABB900B6D108 /* Debug */,
				6E4648F91F35ABB900B6D108 /* Release */,
			);
			defaultConfigurationIsVisible = 0;
			defaultConfigurationName = Release;
		};
		6E4648FA1F35ABB900B6D108 /* Build configuration list for PBXNativeTarget "RxSwiftExampleUITests" */ = {
			isa = XCConfigurationList;
			buildConfigurations = (
				6E4648FB1F35ABB900B6D108 /* Debug */,
				6E4648FC1F35ABB900B6D108 /* Release */,
			);
			defaultConfigurationIsVisible = 0;
			defaultConfigurationName = Release;
		};
/* End XCConfigurationList section */

/* Begin XCVersionGroup section */
		6E4648D31F35ABB900B6D108 /* RxSwiftExample.xcdatamodeld */ = {
			isa = XCVersionGroup;
			children = (
				6E4648D41F35ABB900B6D108 /* RxSwiftExample.xcdatamodel */,
			);
			currentVersion = 6E4648D41F35ABB900B6D108 /* RxSwiftExample.xcdatamodel */;
			path = RxSwiftExample.xcdatamodeld;
			sourceTree = "<group>";
			versionGroupType = wrapper.xcdatamodel;
		};
/* End XCVersionGroup section */
	};
	rootObject = 6E4648C11F35ABB900B6D108 /* Project object */;
}
